// !$*UTF8*$!
{
	archiveVersion = 1;
	classes = {
	};
	objectVersion = 46;
	objects = {

/* Begin PBXBuildFile section */
		C04024B82653C7CD00B587F3 /* nutble.framework in Frameworks */ = {isa = PBXBuildFile; fileRef = C04024B42653C6E000B587F3 /* nutble.framework */; };
		C04024B92653C7CD00B587F3 /* nutble.framework in Embed Frameworks */ = {isa = PBXBuildFile; fileRef = C04024B42653C6E000B587F3 /* nutble.framework */; settings = {ATTRIBUTES = (CodeSignOnCopy, RemoveHeadersOnCopy, ); }; };
		C06F762525665DDA000D0341 /* dfu_fw_114.zip in Resources */ = {isa = PBXBuildFile; fileRef = C06F762425665DDA000D0341 /* dfu_fw_114.zip */; };
		C06F762625665EC0000D0341 /* iOSDFULibrary.framework in Frameworks */ = {isa = PBXBuildFile; fileRef = C06F761D25662515000D0341 /* iOSDFULibrary.framework */; };
		C06F762725665EC0000D0341 /* iOSDFULibrary.framework in Embed Frameworks */ = {isa = PBXBuildFile; fileRef = C06F761D25662515000D0341 /* iOSDFULibrary.framework */; settings = {ATTRIBUTES = (CodeSignOnCopy, RemoveHeadersOnCopy, ); }; };
		C06F762825665EC2000D0341 /* ZIPFoundation.framework in Frameworks */ = {isa = PBXBuildFile; fileRef = C06F761F25662526000D0341 /* ZIPFoundation.framework */; };
		C06F762925665EC2000D0341 /* ZIPFoundation.framework in Embed Frameworks */ = {isa = PBXBuildFile; fileRef = C06F761F25662526000D0341 /* ZIPFoundation.framework */; settings = {ATTRIBUTES = (CodeSignOnCopy, RemoveHeadersOnCopy, ); }; };
		DA0576821E07CD350048D42D /* MBProgressHUD.m in Sources */ = {isa = PBXBuildFile; fileRef = DA0576811E07CD350048D42D /* MBProgressHUD.m */; };
		DA9F58391DE42C8300961744 /* main.m in Sources */ = {isa = PBXBuildFile; fileRef = DA9F58381DE42C8300961744 /* main.m */; };
		DA9F583C1DE42C8300961744 /* AppDelegate.m in Sources */ = {isa = PBXBuildFile; fileRef = DA9F583B1DE42C8300961744 /* AppDelegate.m */; };
		DA9F583F1DE42C8300961744 /* TableViewController.m in Sources */ = {isa = PBXBuildFile; fileRef = DA9F583E1DE42C8300961744 /* TableViewController.m */; };
		DA9F58421DE42C8300961744 /* Main.storyboard in Resources */ = {isa = PBXBuildFile; fileRef = DA9F58401DE42C8300961744 /* Main.storyboard */; };
		DA9F58441DE42C8300961744 /* Assets.xcassets in Resources */ = {isa = PBXBuildFile; fileRef = DA9F58431DE42C8300961744 /* Assets.xcassets */; };
		DA9F58471DE42C8300961744 /* LaunchScreen.storyboard in Resources */ = {isa = PBXBuildFile; fileRef = DA9F58451DE42C8300961744 /* LaunchScreen.storyboard */; };
		DAFB9D281DED6A1900339336 /* DetailViewController.m in Sources */ = {isa = PBXBuildFile; fileRef = DAFB9D271DED6A1900339336 /* DetailViewController.m */; };
/* End PBXBuildFile section */

/* Begin PBXCopyFilesBuildPhase section */
		DA9F585B1DE431CB00961744 /* Embed Frameworks */ = {
			isa = PBXCopyFilesBuildPhase;
			buildActionMask = 2147483647;
			dstPath = "";
			dstSubfolderSpec = 10;
			files = (
				C04024B92653C7CD00B587F3 /* nutble.framework in Embed Frameworks */,
				C06F762725665EC0000D0341 /* iOSDFULibrary.framework in Embed Frameworks */,
				C06F762925665EC2000D0341 /* ZIPFoundation.framework in Embed Frameworks */,
			);
			name = "Embed Frameworks";
			runOnlyForDeploymentPostprocessing = 0;
		};
/* End PBXCopyFilesBuildPhase section */

/* Begin PBXFileReference section */
		C04024B42653C6E000B587F3 /* nutble.framework */ = {isa = PBXFileReference; lastKnownFileType = wrapper.framework; name = nutble.framework; path = "nutble-demo/nutble.framework"; sourceTree = "<group>"; };
		C06F761D25662515000D0341 /* iOSDFULibrary.framework */ = {isa = PBXFileReference; lastKnownFileType = wrapper.framework; path = iOSDFULibrary.framework; sourceTree = "<group>"; };
		C06F761F25662526000D0341 /* ZIPFoundation.framework */ = {isa = PBXFileReference; lastKnownFileType = wrapper.framework; path = ZIPFoundation.framework; sourceTree = "<group>"; };
		C06F762425665DDA000D0341 /* dfu_fw_114.zip */ = {isa = PBXFileReference; lastKnownFileType = archive.zip; path = dfu_fw_114.zip; sourceTree = "<group>"; };
		DA0576801E07CD350048D42D /* MBProgressHUD.h */ = {isa = PBXFileReference; fileEncoding = 4; lastKnownFileType = sourcecode.c.h; path = MBProgressHUD.h; sourceTree = "<group>"; };
		DA0576811E07CD350048D42D /* MBProgressHUD.m */ = {isa = PBXFileReference; fileEncoding = 4; lastKnownFileType = sourcecode.c.objc; path = MBProgressHUD.m; sourceTree = "<group>"; };
		DA9F58341DE42C8300961744 /* nutble-demo.app */ = {isa = PBXFileReference; explicitFileType = wrapper.application; includeInIndex = 0; path = "nutble-demo.app"; sourceTree = BUILT_PRODUCTS_DIR; };
		DA9F58381DE42C8300961744 /* main.m */ = {isa = PBXFileReference; lastKnownFileType = sourcecode.c.objc; path = main.m; sourceTree = "<group>"; };
		DA9F583A1DE42C8300961744 /* AppDelegate.h */ = {isa = PBXFileReference; lastKnownFileType = sourcecode.c.h; path = AppDelegate.h; sourceTree = "<group>"; };
		DA9F583B1DE42C8300961744 /* AppDelegate.m */ = {isa = PBXFileReference; lastKnownFileType = sourcecode.c.objc; path = AppDelegate.m; sourceTree = "<group>"; };
		DA9F583D1DE42C8300961744 /* TableViewController.h */ = {isa = PBXFileReference; lastKnownFileType = sourcecode.c.h; path = TableViewController.h; sourceTree = "<group>"; };
		DA9F583E1DE42C8300961744 /* TableViewController.m */ = {isa = PBXFileReference; lastKnownFileType = sourcecode.c.objc; path = TableViewController.m; sourceTree = "<group>"; };
		DA9F58411DE42C8300961744 /* Base */ = {isa = PBXFileReference; lastKnownFileType = file.storyboard; name = Base; path = Base.lproj/Main.storyboard; sourceTree = "<group>"; };
		DA9F58431DE42C8300961744 /* Assets.xcassets */ = {isa = PBXFileReference; lastKnownFileType = folder.assetcatalog; path = Assets.xcassets; sourceTree = "<group>"; };
		DA9F58461DE42C8300961744 /* Base */ = {isa = PBXFileReference; lastKnownFileType = file.storyboard; name = Base; path = Base.lproj/LaunchScreen.storyboard; sourceTree = "<group>"; };
		DA9F58481DE42C8300961744 /* Info.plist */ = {isa = PBXFileReference; lastKnownFileType = text.plist.xml; path = Info.plist; sourceTree = "<group>"; };
		DAFB9D261DED6A1900339336 /* DetailViewController.h */ = {isa = PBXFileReference; fileEncoding = 4; lastKnownFileType = sourcecode.c.h; path = DetailViewController.h; sourceTree = "<group>"; };
		DAFB9D271DED6A1900339336 /* DetailViewController.m */ = {isa = PBXFileReference; fileEncoding = 4; lastKnownFileType = sourcecode.c.objc; path = DetailViewController.m; sourceTree = "<group>"; };
/* End PBXFileReference section */

/* Begin PBXFrameworksBuildPhase section */
		DA9F58311DE42C8300961744 /* Frameworks */ = {
			isa = PBXFrameworksBuildPhase;
			buildActionMask = 2147483647;
			files = (
				C04024B82653C7CD00B587F3 /* nutble.framework in Frameworks */,
				C06F762625665EC0000D0341 /* iOSDFULibrary.framework in Frameworks */,
				C06F762825665EC2000D0341 /* ZIPFoundation.framework in Frameworks */,
			);
			runOnlyForDeploymentPostprocessing = 0;
		};
/* End PBXFrameworksBuildPhase section */

/* Begin PBXGroup section */
		C06F762325665DDA000D0341 /* Resources */ = {
			isa = PBXGroup;
			children = (
				C06F762425665DDA000D0341 /* dfu_fw_114.zip */,
			);
			path = Resources;
			sourceTree = "<group>";
		};
		DA05767A1E07CD300048D42D /* 3rd_parties */ = {
			isa = PBXGroup;
			children = (
				C06F761F25662526000D0341 /* ZIPFoundation.framework */,
				C06F761D25662515000D0341 /* iOSDFULibrary.framework */,
				DA05767F1E07CD350048D42D /* MBProgressHUD */,
			);
			path = 3rd_parties;
			sourceTree = "<group>";
		};
		DA05767F1E07CD350048D42D /* MBProgressHUD */ = {
			isa = PBXGroup;
			children = (
				DA0576801E07CD350048D42D /* MBProgressHUD.h */,
				DA0576811E07CD350048D42D /* MBProgressHUD.m */,
			);
			path = MBProgressHUD;
			sourceTree = "<group>";
		};
		DA9F582B1DE42C8300961744 = {
			isa = PBXGroup;
			children = (
				DA9F58361DE42C8300961744 /* nutble-demo */,
				DA9F58351DE42C8300961744 /* Products */,
				DA9F58501DE42E6B00961744 /* Frameworks */,
			);
			sourceTree = "<group>";
		};
		DA9F58351DE42C8300961744 /* Products */ = {
			isa = PBXGroup;
			children = (
				DA9F58341DE42C8300961744 /* nutble-demo.app */,
			);
			name = Products;
			sourceTree = "<group>";
		};
		DA9F58361DE42C8300961744 /* nutble-demo */ = {
			isa = PBXGroup;
			children = (
				C06F762325665DDA000D0341 /* Resources */,
				DA05767A1E07CD300048D42D /* 3rd_parties */,
				DA9F583A1DE42C8300961744 /* AppDelegate.h */,
				DA9F583B1DE42C8300961744 /* AppDelegate.m */,
				DA9F583D1DE42C8300961744 /* TableViewController.h */,
				DA9F583E1DE42C8300961744 /* TableViewController.m */,
				DAFB9D261DED6A1900339336 /* DetailViewController.h */,
				DAFB9D271DED6A1900339336 /* DetailViewController.m */,
				DA9F58401DE42C8300961744 /* Main.storyboard */,
				DA9F58431DE42C8300961744 /* Assets.xcassets */,
				DA9F58451DE42C8300961744 /* LaunchScreen.storyboard */,
				DA9F58481DE42C8300961744 /* Info.plist */,
				DA9F58371DE42C8300961744 /* Supporting Files */,
			);
			path = "nutble-demo";
			sourceTree = "<group>";
		};
		DA9F58371DE42C8300961744 /* Supporting Files */ = {
			isa = PBXGroup;
			children = (
				DA9F58381DE42C8300961744 /* main.m */,
			);
			name = "Supporting Files";
			sourceTree = "<group>";
		};
		DA9F58501DE42E6B00961744 /* Frameworks */ = {
			isa = PBXGroup;
			children = (
				C04024B42653C6E000B587F3 /* nutble.framework */,
			);
			name = Frameworks;
			sourceTree = "<group>";
		};
/* End PBXGroup section */

/* Begin PBXNativeTarget section */
		DA9F58331DE42C8300961744 /* nutble-demo */ = {
			isa = PBXNativeTarget;
			buildConfigurationList = DA9F584B1DE42C8300961744 /* Build configuration list for PBXNativeTarget "nutble-demo" */;
			buildPhases = (
				DA9F58301DE42C8300961744 /* Sources */,
				DA9F58311DE42C8300961744 /* Frameworks */,
				DA9F58321DE42C8300961744 /* Resources */,
				DA9F585B1DE431CB00961744 /* Embed Frameworks */,
			);
			buildRules = (
			);
			dependencies = (
			);
			name = "nutble-demo";
			productName = "nutble-demo";
			productReference = DA9F58341DE42C8300961744 /* nutble-demo.app */;
			productType = "com.apple.product-type.application";
		};
/* End PBXNativeTarget section */

/* Begin PBXProject section */
		DA9F582C1DE42C8300961744 /* Project object */ = {
			isa = PBXProject;
			attributes = {
				LastUpgradeCheck = 0810;
				ORGANIZATIONNAME = "Zizai Tech";
				TargetAttributes = {
					DA9F58331DE42C8300961744 = {
						CreatedOnToolsVersion = 8.1;
						DevelopmentTeam = D492394ASA;
						ProvisioningStyle = Manual;
						SystemCapabilities = {
							com.apple.BackgroundModes = {
								enabled = 1;
							};
						};
					};
				};
			};
			buildConfigurationList = DA9F582F1DE42C8300961744 /* Build configuration list for PBXProject "nutble-demo" */;
			compatibilityVersion = "Xcode 3.2";
			developmentRegion = English;
			hasScannedForEncodings = 0;
			knownRegions = (
				English,
				en,
				Base,
			);
			mainGroup = DA9F582B1DE42C8300961744;
			productRefGroup = DA9F58351DE42C8300961744 /* Products */;
			projectDirPath = "";
			projectRoot = "";
			targets = (
				DA9F58331DE42C8300961744 /* nutble-demo */,
			);
		};
/* End PBXProject section */

/* Begin PBXResourcesBuildPhase section */
		DA9F58321DE42C8300961744 /* Resources */ = {
			isa = PBXResourcesBuildPhase;
			buildActionMask = 2147483647;
			files = (
				DA9F58471DE42C8300961744 /* LaunchScreen.storyboard in Resources */,
				DA9F58441DE42C8300961744 /* Assets.xcassets in Resources */,
				DA9F58421DE42C8300961744 /* Main.storyboard in Resources */,
				C06F762525665DDA000D0341 /* dfu_fw_114.zip in Resources */,
			);
			runOnlyForDeploymentPostprocessing = 0;
		};
/* End PBXResourcesBuildPhase section */

/* Begin PBXSourcesBuildPhase section */
		DA9F58301DE42C8300961744 /* Sources */ = {
			isa = PBXSourcesBuildPhase;
			buildActionMask = 2147483647;
			files = (
				DA9F583F1DE42C8300961744 /* TableViewController.m in Sources */,
				DA0576821E07CD350048D42D /* MBProgressHUD.m in Sources */,
				DA9F583C1DE42C8300961744 /* AppDelegate.m in Sources */,
				DA9F58391DE42C8300961744 /* main.m in Sources */,
				DAFB9D281DED6A1900339336 /* DetailViewController.m in Sources */,
			);
			runOnlyForDeploymentPostprocessing = 0;
		};
/* End PBXSourcesBuildPhase section */

/* Begin PBXVariantGroup section */
		DA9F58401DE42C8300961744 /* Main.storyboard */ = {
			isa = PBXVariantGroup;
			children = (
				DA9F58411DE42C8300961744 /* Base */,
			);
			name = Main.storyboard;
			sourceTree = "<group>";
		};
		DA9F58451DE42C8300961744 /* LaunchScreen.storyboard */ = {
			isa = PBXVariantGroup;
			children = (
				DA9F58461DE42C8300961744 /* Base */,
			);
			name = LaunchScreen.storyboard;
			sourceTree = "<group>";
		};
/* End PBXVariantGroup section */

/* Begin XCBuildConfiguration section */
		DA9F58491DE42C8300961744 /* Debug */ = {
			isa = XCBuildConfiguration;
			buildSettings = {
				ALWAYS_SEARCH_USER_PATHS = NO;
				CLANG_ANALYZER_NONNULL = YES;
				CLANG_CXX_LANGUAGE_STANDARD = "gnu++0x";
				CLANG_CXX_LIBRARY = "libc++";
				CLANG_ENABLE_MODULES = YES;
				CLANG_ENABLE_OBJC_ARC = YES;
				CLANG_WARN_BOOL_CONVERSION = YES;
				CLANG_WARN_CONSTANT_CONVERSION = YES;
				CLANG_WARN_DIRECT_OBJC_ISA_USAGE = YES_ERROR;
				CLANG_WARN_DOCUMENTATION_COMMENTS = YES;
				CLANG_WARN_EMPTY_BODY = YES;
				CLANG_WARN_ENUM_CONVERSION = YES;
				CLANG_WARN_INFINITE_RECURSION = YES;
				CLANG_WARN_INT_CONVERSION = YES;
				CLANG_WARN_OBJC_ROOT_CLASS = YES_ERROR;
				CLANG_WARN_SUSPICIOUS_MOVES = YES;
				CLANG_WARN_UNREACHABLE_CODE = YES;
				CLANG_WARN__DUPLICATE_METHOD_MATCH = YES;
				"CODE_SIGN_IDENTITY[sdk=iphoneos*]" = "iPhone Developer";
				COPY_PHASE_STRIP = NO;
				DEBUG_INFORMATION_FORMAT = dwarf;
				ENABLE_STRICT_OBJC_MSGSEND = YES;
				ENABLE_TESTABILITY = YES;
				GCC_C_LANGUAGE_STANDARD = gnu99;
				GCC_DYNAMIC_NO_PIC = NO;
				GCC_NO_COMMON_BLOCKS = YES;
				GCC_OPTIMIZATION_LEVEL = 0;
				GCC_PREPROCESSOR_DEFINITIONS = (
					"DEBUG=1",
					"$(inherited)",
				);
				GCC_WARN_64_TO_32_BIT_CONVERSION = YES;
				GCC_WARN_ABOUT_RETURN_TYPE = YES_ERROR;
				GCC_WARN_UNDECLARED_SELECTOR = YES;
				GCC_WARN_UNINITIALIZED_AUTOS = YES_AGGRESSIVE;
				GCC_WARN_UNUSED_FUNCTION = YES;
				GCC_WARN_UNUSED_VARIABLE = YES;
				IPHONEOS_DEPLOYMENT_TARGET = 10.1;
				MTL_ENABLE_DEBUG_INFO = YES;
				ONLY_ACTIVE_ARCH = YES;
				SDKROOT = iphoneos;
			};
			name = Debug;
		};
		DA9F584A1DE42C8300961744 /* Release */ = {
			isa = XCBuildConfiguration;
			buildSettings = {
				ALWAYS_SEARCH_USER_PATHS = NO;
				CLANG_ANALYZER_NONNULL = YES;
				CLANG_CXX_LANGUAGE_STANDARD = "gnu++0x";
				CLANG_CXX_LIBRARY = "libc++";
				CLANG_ENABLE_MODULES = YES;
				CLANG_ENABLE_OBJC_ARC = YES;
				CLANG_WARN_BOOL_CONVERSION = YES;
				CLANG_WARN_CONSTANT_CONVERSION = YES;
				CLANG_WARN_DIRECT_OBJC_ISA_USAGE = YES_ERROR;
				CLANG_WARN_DOCUMENTATION_COMMENTS = YES;
				CLANG_WARN_EMPTY_BODY = YES;
				CLANG_WARN_ENUM_CONVERSION = YES;
				CLANG_WARN_INFINITE_RECURSION = YES;
				CLANG_WARN_INT_CONVERSION = YES;
				CLANG_WARN_OBJC_ROOT_CLASS = YES_ERROR;
				CLANG_WARN_SUSPICIOUS_MOVES = YES;
				CLANG_WARN_UNREACHABLE_CODE = YES;
				CLANG_WARN__DUPLICATE_METHOD_MATCH = YES;
				"CODE_SIGN_IDENTITY[sdk=iphoneos*]" = "iPhone Developer";
				COPY_PHASE_STRIP = NO;
				DEBUG_INFORMATION_FORMAT = "dwarf-with-dsym";
				ENABLE_NS_ASSERTIONS = NO;
				ENABLE_STRICT_OBJC_MSGSEND = YES;
				GCC_C_LANGUAGE_STANDARD = gnu99;
				GCC_NO_COMMON_BLOCKS = YES;
				GCC_WARN_64_TO_32_BIT_CONVERSION = YES;
				GCC_WARN_ABOUT_RETURN_TYPE = YES_ERROR;
				GCC_WARN_UNDECLARED_SELECTOR = YES;
				GCC_WARN_UNINITIALIZED_AUTOS = YES_AGGRESSIVE;
				GCC_WARN_UNUSED_FUNCTION = YES;
				GCC_WARN_UNUSED_VARIABLE = YES;
				IPHONEOS_DEPLOYMENT_TARGET = 10.1;
				MTL_ENABLE_DEBUG_INFO = NO;
				SDKROOT = iphoneos;
				VALIDATE_PRODUCT = YES;
			};
			name = Release;
		};
		DA9F584C1DE42C8300961744 /* Debug */ = {
			isa = XCBuildConfiguration;
			buildSettings = {
				ALWAYS_EMBED_SWIFT_STANDARD_LIBRARIES = YES;
				ASSETCATALOG_COMPILER_APPICON_NAME = AppIcon;
				"CODE_SIGN_IDENTITY[sdk=iphoneos*]" = "iPhone Developer";
				CODE_SIGN_STYLE = Manual;
				CURRENT_PROJECT_VERSION = 4;
				DEVELOPMENT_TEAM = "";
				"DEVELOPMENT_TEAM[sdk=iphoneos*]" = D492394ASA;
				ENABLE_BITCODE = NO;
				FRAMEWORK_SEARCH_PATHS = (
					"$(inherited)",
					"$(PROJECT_DIR)/nutble-demo",
					"$(PROJECT_DIR)/nutble-demo/3rd_parties",
				);
				INFOPLIST_FILE = "nutble-demo/Info.plist";
				IPHONEOS_DEPLOYMENT_TARGET = 8.0;
				LD_RUNPATH_SEARCH_PATHS = "$(inherited) @executable_path/Frameworks";
				MARKETING_VERSION = 1.3;
				PRODUCT_BUNDLE_IDENTIFIER = "com.nutspace.bledemo-dev";
				PRODUCT_NAME = "$(TARGET_NAME)";
				PROVISIONING_PROFILE_SPECIFIER = "";
				"PROVISIONING_PROFILE_SPECIFIER[sdk=iphoneos*]" = "Nut-SDK-Demo-Dev";
				TARGETED_DEVICE_FAMILY = 1;
				VALIDATE_WORKSPACE = YES;
			};
			name = Debug;
		};
		DA9F584D1DE42C8300961744 /* Release */ = {
			isa = XCBuildConfiguration;
			buildSettings = {
				ALWAYS_EMBED_SWIFT_STANDARD_LIBRARIES = YES;
				ASSETCATALOG_COMPILER_APPICON_NAME = AppIcon;
				"CODE_SIGN_IDENTITY[sdk=iphoneos*]" = "iPhone Distribution";
				CODE_SIGN_STYLE = Manual;
				CURRENT_PROJECT_VERSION = 4;
				DEVELOPMENT_TEAM = "";
				"DEVELOPMENT_TEAM[sdk=iphoneos*]" = D492394ASA;
				ENABLE_BITCODE = NO;
				FRAMEWORK_SEARCH_PATHS = (
					"$(inherited)",
					"$(PROJECT_DIR)/nutble-demo",
					"$(PROJECT_DIR)/nutble-demo/3rd_parties",
				);
				INFOPLIST_FILE = "nutble-demo/Info.plist";
				IPHONEOS_DEPLOYMENT_TARGET = 8.0;
				LD_RUNPATH_SEARCH_PATHS = "$(inherited) @executable_path/Frameworks";
				MARKETING_VERSION = 1.3;
				PRODUCT_BUNDLE_IDENTIFIER = com.nutspace.bledemo;
				PRODUCT_NAME = "$(TARGET_NAME)";
				PROVISIONING_PROFILE_SPECIFIER = "";
				"PROVISIONING_PROFILE_SPECIFIER[sdk=iphoneos*]" = "Nut-SDK-Demo-AppStore";
				TARGETED_DEVICE_FAMILY = 1;
				VALIDATE_WORKSPACE = YES;
			};
			name = Release;
		};
/* End XCBuildConfiguration section */

/* Begin XCConfigurationList section */
		DA9F582F1DE42C8300961744 /* Build configuration list for PBXProject "nutble-demo" */ = {
			isa = XCConfigurationList;
			buildConfigurations = (
				DA9F58491DE42C8300961744 /* Debug */,
				DA9F584A1DE42C8300961744 /* Release */,
			);
			defaultConfigurationIsVisible = 0;
			defaultConfigurationName = Release;
		};
		DA9F584B1DE42C8300961744 /* Build configuration list for PBXNativeTarget "nutble-demo" */ = {
			isa = XCConfigurationList;
			buildConfigurations = (
				DA9F584C1DE42C8300961744 /* Debug */,
				DA9F584D1DE42C8300961744 /* Release */,
			);
			defaultConfigurationIsVisible = 0;
			defaultConfigurationName = Release;
		};
/* End XCConfigurationList section */
	};
	rootObject = DA9F582C1DE42C8300961744 /* Project object */;
}
